
Microsoft Visual Studio Solution File, Format Version 12.00
# Visual Studio 15
VisualStudioVersion = 15.0.28307.902
MinimumVisualStudioVersion = 10.0.40219.1
Project("{FAE04EC0-301F-11D3-BF4B-00C04F79EFBC}") = "DinarNOT", "DinarNOT\DinarNOT.csproj", "{B46AE565-DA61-43EA-964D-E32A69ECE9EA}"
EndProject
Project("{54435603-DBB4-11D2-8724-00A0C9A8B90C}") = "Dinar Meslek Yüksekokulu  Vize - Final Not Hesaplama", "Dinar Meslek Yüksekokulu  Vize - Final Not Hesaplama\Dinar Meslek Yüksekokulu  Vize - Final Not Hesaplama.vdproj", "{A1C1641B-DB45-4C03-B5D9-679773DABE38}"
EndProject
Global
	GlobalSection(SolutionConfigurationPlatforms) = preSolution
		Debug|Any CPU = Debug|Any CPU
		Release|Any CPU = Release|Any CPU
	EndGlobalSection
	GlobalSection(ProjectConfigurationPlatforms) = postSolution
		{B46AE565-DA61-43EA-964D-E32A69ECE9EA}.Debug|Any CPU.ActiveCfg = Debug|Any CPU
		{B46AE565-DA61-43EA-964D-E32A69ECE9EA}.Debug|Any CPU.Build.0 = Debug|Any CPU
		{B46AE565-DA61-43EA-964D-E32A69ECE9EA}.Release|Any CPU.ActiveCfg = Release|Any CPU
		{B46AE565-DA61-43EA-964D-E32A69ECE9EA}.Release|Any CPU.Build.0 = Release|Any CPU
		{A1C1641B-DB45-4C03-B5D9-679773DABE38}.Debug|Any CPU.ActiveCfg = Debug
		{A1C1641B-DB45-4C03-B5D9-679773DABE38}.Release|Any CPU.ActiveCfg = Release
	EndGlobalSection
	GlobalSection(SolutionProperties) = preSolution
		HideSolutionNode = FALSE
	EndGlobalSection
	GlobalSection(ExtensibilityGlobals) = postSolution
		SolutionGuid = {398A3167-D41B-4F8C-A908-031ECFF30545}
	EndGlobalSection
EndGlobal
